// !$*UTF8*$!
{
	archiveVersion = 1;
	classes = {
	};
	objectVersion = 55;
	objects = {

/* Begin PBXBuildFile section */
		1439AA9E29645CB900ABBEC8 /* walletPage.swift in Sources */ = {isa = PBXBuildFile; fileRef = 1439AA9D29645CB900ABBEC8 /* walletPage.swift */; };
		1439AAA029645CE600ABBEC8 /* walletActivity.swift in Sources */ = {isa = PBXBuildFile; fileRef = 1439AA9F29645CE600ABBEC8 /* walletActivity.swift */; };
		1439AAA229645D1100ABBEC8 /* Wallet.swift in Sources */ = {isa = PBXBuildFile; fileRef = 1439AAA129645D1100ABBEC8 /* Wallet.swift */; };
		47913443295B4B1F001FA738 /* Roboto-Medium.ttf in Resources */ = {isa = PBXBuildFile; fileRef = 47913442295B4B1F001FA738 /* Roboto-Medium.ttf */; };
		47913449295B4BEB001FA738 /* tickettest.swift in Sources */ = {isa = PBXBuildFile; fileRef = 47913448295B4BEB001FA738 /* tickettest.swift */; };
		4791344B295B4C5C001FA738 /* ticketv.swift in Sources */ = {isa = PBXBuildFile; fileRef = 4791344A295B4C5C001FA738 /* ticketv.swift */; };
		4791344D295B4CD7001FA738 /* linestruct.swift in Sources */ = {isa = PBXBuildFile; fileRef = 4791344C295B4CD7001FA738 /* linestruct.swift */; };
		4791344F295B4E1C001FA738 /* ticketinitv.swift in Sources */ = {isa = PBXBuildFile; fileRef = 4791344E295B4E1C001FA738 /* ticketinitv.swift */; };
		47913451295B4E48001FA738 /* mytickets.swift in Sources */ = {isa = PBXBuildFile; fileRef = 47913450295B4E48001FA738 /* mytickets.swift */; };
		47913453295B4EC5001FA738 /* Roboto-Regular.ttf in Resources */ = {isa = PBXBuildFile; fileRef = 47913452295B4EC5001FA738 /* Roboto-Regular.ttf */; };
		47AD5F6C295224BA00EC4CDF /* colors.swift in Sources */ = {isa = PBXBuildFile; fileRef = 47AD5F6B295224BA00EC4CDF /* colors.swift */; };
		BF1287322985B22D00913162 /* BillSheetView.swift in Sources */ = {isa = PBXBuildFile; fileRef = BF12872A2985B22D00913162 /* BillSheetView.swift */; };
		BF1287332985B22D00913162 /* ColorExt.swift in Sources */ = {isa = PBXBuildFile; fileRef = BF12872B2985B22D00913162 /* ColorExt.swift */; };
		BF1287342985B22D00913162 /* SearchListCellView.swift in Sources */ = {isa = PBXBuildFile; fileRef = BF12872C2985B22D00913162 /* SearchListCellView.swift */; };
		BF1287352985B22D00913162 /* BookTicketSheetView.swift in Sources */ = {isa = PBXBuildFile; fileRef = BF12872D2985B22D00913162 /* BookTicketSheetView.swift */; };
		BF1287362985B22D00913162 /* FontExt.swift in Sources */ = {isa = PBXBuildFile; fileRef = BF12872E2985B22D00913162 /* FontExt.swift */; };
		BF1287372985B22D00913162 /* SearchView.swift in Sources */ = {isa = PBXBuildFile; fileRef = BF12872F2985B22D00913162 /* SearchView.swift */; };
		BF1287382985B22D00913162 /* SearchListView.swift in Sources */ = {isa = PBXBuildFile; fileRef = BF1287302985B22D00913162 /* SearchListView.swift */; };
		BF1287392985B22D00913162 /* TicketBookedPopupSuccessView.swift in Sources */ = {isa = PBXBuildFile; fileRef = BF1287312985B22D00913162 /* TicketBookedPopupSuccessView.swift */; };
		BF12873C2985B2EB00913162 /* TicketViewModel.swift in Sources */ = {isa = PBXBuildFile; fileRef = BF12873A2985B2EB00913162 /* TicketViewModel.swift */; };
		BF12873D2985B2EB00913162 /* RideViewModel.swift in Sources */ = {isa = PBXBuildFile; fileRef = BF12873B2985B2EB00913162 /* RideViewModel.swift */; };
		DC539E0329511B78004A9760 /* FirebaseAuth in Frameworks */ = {isa = PBXBuildFile; productRef = DC539E0229511B78004A9760 /* FirebaseAuth */; };
		DC539E0529511B78004A9760 /* FirebaseDatabase in Frameworks */ = {isa = PBXBuildFile; productRef = DC539E0429511B78004A9760 /* FirebaseDatabase */; };
		DC539E0729511B78004A9760 /* FirebaseDatabaseSwift in Frameworks */ = {isa = PBXBuildFile; productRef = DC539E0629511B78004A9760 /* FirebaseDatabaseSwift */; };
		DC539E0929511B78004A9760 /* FirebaseFirestore in Frameworks */ = {isa = PBXBuildFile; productRef = DC539E0829511B78004A9760 /* FirebaseFirestore */; };
		DC539E0B29511B78004A9760 /* FirebaseFirestoreSwift in Frameworks */ = {isa = PBXBuildFile; productRef = DC539E0A29511B78004A9760 /* FirebaseFirestoreSwift */; };
		DC539E0F29511C35004A9760 /* GoogleService-Info.plist in Resources */ = {isa = PBXBuildFile; fileRef = DC539E0E29511C34004A9760 /* GoogleService-Info.plist */; };
		DC539E1229511E84004A9760 /* authViewModel.swift in Sources */ = {isa = PBXBuildFile; fileRef = DC539E1129511E84004A9760 /* authViewModel.swift */; };
		DC539E162951221D004A9760 /* Passenger.swift in Sources */ = {isa = PBXBuildFile; fileRef = DC539E152951221D004A9760 /* Passenger.swift */; };
		DC539E1829512226004A9760 /* Ride.swift in Sources */ = {isa = PBXBuildFile; fileRef = DC539E1729512226004A9760 /* Ride.swift */; };
		DC539E1A29512230004A9760 /* Ticket.swift in Sources */ = {isa = PBXBuildFile; fileRef = DC539E1929512230004A9760 /* Ticket.swift */; };
		DC539E1D2951CCBF004A9760 /* SignViews.swift in Sources */ = {isa = PBXBuildFile; fileRef = DC539E1C2951CCBF004A9760 /* SignViews.swift */; };
		DC547B172948AD9C00AD95C0 /* RidechainApp.swift in Sources */ = {isa = PBXBuildFile; fileRef = DC547B162948AD9C00AD95C0 /* RidechainApp.swift */; };
		DC547B192948AD9C00AD95C0 /* ContentView.swift in Sources */ = {isa = PBXBuildFile; fileRef = DC547B182948AD9C00AD95C0 /* ContentView.swift */; };
		DC547B1B2948AD9D00AD95C0 /* Assets.xcassets in Resources */ = {isa = PBXBuildFile; fileRef = DC547B1A2948AD9D00AD95C0 /* Assets.xcassets */; };
		DC547B1E2948AD9D00AD95C0 /* Preview Assets.xcassets in Resources */ = {isa = PBXBuildFile; fileRef = DC547B1D2948AD9D00AD95C0 /* Preview Assets.xcassets */; };
		DC571283296DAB6A006D1370 /* RandomId.swift in Sources */ = {isa = PBXBuildFile; fileRef = DC571282296DAB6A006D1370 /* RandomId.swift */; };
		DC6785C82989B44300E43AFB /* Today.swift in Sources */ = {isa = PBXBuildFile; fileRef = DC6785C72989B44300E43AFB /* Today.swift */; };
		DC84F242295C685700379060 /* PassengerVM.swift in Sources */ = {isa = PBXBuildFile; fileRef = DC84F241295C685700379060 /* PassengerVM.swift */; };
		DC84F244295C687600379060 /* RideVM.swift in Sources */ = {isa = PBXBuildFile; fileRef = DC84F243295C687500379060 /* RideVM.swift */; };
		DC84F246295C689800379060 /* TicketVM.swift in Sources */ = {isa = PBXBuildFile; fileRef = DC84F245295C689800379060 /* TicketVM.swift */; };
		DC84F2482965553200379060 /* TabBar.swift in Sources */ = {isa = PBXBuildFile; fileRef = DC84F2472965553200379060 /* TabBar.swift */; };
		DC8C5E45299AA55400F12B03 /* ServiceProvider.swift in Sources */ = {isa = PBXBuildFile; fileRef = DC8C5E44299AA55400F12B03 /* ServiceProvider.swift */; };
		DC8C5E47299AA60500F12B03 /* ServiceProviderVM.swift in Sources */ = {isa = PBXBuildFile; fileRef = DC8C5E46299AA60500F12B03 /* ServiceProviderVM.swift */; };
		DC8C5E4A299AA76C00F12B03 /* sprideinitv.swift in Sources */ = {isa = PBXBuildFile; fileRef = DC8C5E49299AA76C00F12B03 /* sprideinitv.swift */; };
		DC8C5E4C299AA79400F12B03 /* ridesheet.swift in Sources */ = {isa = PBXBuildFile; fileRef = DC8C5E4B299AA79400F12B03 /* ridesheet.swift */; };
		DC8C5E4E299AA7C700F12B03 /* tabbarSP.swift in Sources */ = {isa = PBXBuildFile; fileRef = DC8C5E4D299AA7C700F12B03 /* tabbarSP.swift */; };
		DC8C5E50299AA7EF00F12B03 /* sprides.swift in Sources */ = {isa = PBXBuildFile; fileRef = DC8C5E4F299AA7EF00F12B03 /* sprides.swift */; };
		DC8C5E52299AA80D00F12B03 /* addRide.swift in Sources */ = {isa = PBXBuildFile; fileRef = DC8C5E51299AA80D00F12B03 /* addRide.swift */; };
		DC8C5E55299AAA1300F12B03 /* SignViewsSP.swift in Sources */ = {isa = PBXBuildFile; fileRef = DC8C5E54299AAA1300F12B03 /* SignViewsSP.swift */; };
		DC8C5E57299AB5CD00F12B03 /* editSheet.swift in Sources */ = {isa = PBXBuildFile; fileRef = DC8C5E56299AB5CD00F12B03 /* editSheet.swift */; };
		DC8C5E5A299C2DD300F12B03 /* splashscreen.swift in Sources */ = {isa = PBXBuildFile; fileRef = DC8C5E59299C2DD300F12B03 /* splashscreen.swift */; };
		DC8C5E5C299C2E3A00F12B03 /* UserType.swift in Sources */ = {isa = PBXBuildFile; fileRef = DC8C5E5B299C2E3A00F12B03 /* UserType.swift */; };
		DC8C5E5E299CD9F100F12B03 /* SearchViewSP.swift in Sources */ = {isa = PBXBuildFile; fileRef = DC8C5E5D299CD9F100F12B03 /* SearchViewSP.swift */; };
/* End PBXBuildFile section */

/* Begin PBXFileReference section */
		1439AA9D29645CB900ABBEC8 /* walletPage.swift */ = {isa = PBXFileReference; lastKnownFileType = sourcecode.swift; path = walletPage.swift; sourceTree = "<group>"; };
		1439AA9F29645CE600ABBEC8 /* walletActivity.swift */ = {isa = PBXFileReference; lastKnownFileType = sourcecode.swift; path = walletActivity.swift; sourceTree = "<group>"; };
		1439AAA129645D1100ABBEC8 /* Wallet.swift */ = {isa = PBXFileReference; lastKnownFileType = sourcecode.swift; path = Wallet.swift; sourceTree = "<group>"; };
		47913442295B4B1F001FA738 /* Roboto-Medium.ttf */ = {isa = PBXFileReference; lastKnownFileType = file; path = "Roboto-Medium.ttf"; sourceTree = "<group>"; };
		47913448295B4BEB001FA738 /* tickettest.swift */ = {isa = PBXFileReference; lastKnownFileType = sourcecode.swift; path = tickettest.swift; sourceTree = "<group>"; };
		4791344A295B4C5C001FA738 /* ticketv.swift */ = {isa = PBXFileReference; lastKnownFileType = sourcecode.swift; path = ticketv.swift; sourceTree = "<group>"; };
		4791344C295B4CD7001FA738 /* linestruct.swift */ = {isa = PBXFileReference; lastKnownFileType = sourcecode.swift; path = linestruct.swift; sourceTree = "<group>"; };
		4791344E295B4E1C001FA738 /* ticketinitv.swift */ = {isa = PBXFileReference; lastKnownFileType = sourcecode.swift; path = ticketinitv.swift; sourceTree = "<group>"; };
		47913450295B4E48001FA738 /* mytickets.swift */ = {isa = PBXFileReference; lastKnownFileType = sourcecode.swift; path = mytickets.swift; sourceTree = "<group>"; };
		47913452295B4EC5001FA738 /* Roboto-Regular.ttf */ = {isa = PBXFileReference; lastKnownFileType = file; path = "Roboto-Regular.ttf"; sourceTree = "<group>"; };
		47AD5F6B295224BA00EC4CDF /* colors.swift */ = {isa = PBXFileReference; lastKnownFileType = sourcecode.swift; path = colors.swift; sourceTree = "<group>"; };
		BF12872A2985B22D00913162 /* BillSheetView.swift */ = {isa = PBXFileReference; fileEncoding = 4; lastKnownFileType = sourcecode.swift; path = BillSheetView.swift; sourceTree = "<group>"; };
		BF12872B2985B22D00913162 /* ColorExt.swift */ = {isa = PBXFileReference; fileEncoding = 4; lastKnownFileType = sourcecode.swift; name = ColorExt.swift; path = Views/ColorExt.swift; sourceTree = "<group>"; };
		BF12872C2985B22D00913162 /* SearchListCellView.swift */ = {isa = PBXFileReference; fileEncoding = 4; lastKnownFileType = sourcecode.swift; path = SearchListCellView.swift; sourceTree = "<group>"; };
		BF12872D2985B22D00913162 /* BookTicketSheetView.swift */ = {isa = PBXFileReference; fileEncoding = 4; lastKnownFileType = sourcecode.swift; path = BookTicketSheetView.swift; sourceTree = "<group>"; };
		BF12872E2985B22D00913162 /* FontExt.swift */ = {isa = PBXFileReference; fileEncoding = 4; lastKnownFileType = sourcecode.swift; name = FontExt.swift; path = Views/FontExt.swift; sourceTree = "<group>"; };
		BF12872F2985B22D00913162 /* SearchView.swift */ = {isa = PBXFileReference; fileEncoding = 4; lastKnownFileType = sourcecode.swift; path = SearchView.swift; sourceTree = "<group>"; };
		BF1287302985B22D00913162 /* SearchListView.swift */ = {isa = PBXFileReference; fileEncoding = 4; lastKnownFileType = sourcecode.swift; path = SearchListView.swift; sourceTree = "<group>"; };
		BF1287312985B22D00913162 /* TicketBookedPopupSuccessView.swift */ = {isa = PBXFileReference; fileEncoding = 4; lastKnownFileType = sourcecode.swift; path = TicketBookedPopupSuccessView.swift; sourceTree = "<group>"; };
		BF12873A2985B2EB00913162 /* TicketViewModel.swift */ = {isa = PBXFileReference; fileEncoding = 4; lastKnownFileType = sourcecode.swift; path = TicketViewModel.swift; sourceTree = "<group>"; };
		BF12873B2985B2EB00913162 /* RideViewModel.swift */ = {isa = PBXFileReference; fileEncoding = 4; lastKnownFileType = sourcecode.swift; path = RideViewModel.swift; sourceTree = "<group>"; };
		DC539E0E29511C34004A9760 /* GoogleService-Info.plist */ = {isa = PBXFileReference; fileEncoding = 4; lastKnownFileType = text.plist.xml; path = "GoogleService-Info.plist"; sourceTree = "<group>"; };
		DC539E1129511E84004A9760 /* authViewModel.swift */ = {isa = PBXFileReference; lastKnownFileType = sourcecode.swift; path = authViewModel.swift; sourceTree = "<group>"; };
		DC539E152951221D004A9760 /* Passenger.swift */ = {isa = PBXFileReference; lastKnownFileType = sourcecode.swift; path = Passenger.swift; sourceTree = "<group>"; };
		DC539E1729512226004A9760 /* Ride.swift */ = {isa = PBXFileReference; lastKnownFileType = sourcecode.swift; path = Ride.swift; sourceTree = "<group>"; };
		DC539E1929512230004A9760 /* Ticket.swift */ = {isa = PBXFileReference; lastKnownFileType = sourcecode.swift; path = Ticket.swift; sourceTree = "<group>"; };
		DC539E1C2951CCBF004A9760 /* SignViews.swift */ = {isa = PBXFileReference; lastKnownFileType = sourcecode.swift; path = SignViews.swift; sourceTree = "<group>"; };
		DC547B132948AD9C00AD95C0 /* Ridechain.app */ = {isa = PBXFileReference; explicitFileType = wrapper.application; includeInIndex = 0; path = Ridechain.app; sourceTree = BUILT_PRODUCTS_DIR; };
		DC547B162948AD9C00AD95C0 /* RidechainApp.swift */ = {isa = PBXFileReference; lastKnownFileType = sourcecode.swift; path = RidechainApp.swift; sourceTree = "<group>"; };
		DC547B182948AD9C00AD95C0 /* ContentView.swift */ = {isa = PBXFileReference; lastKnownFileType = sourcecode.swift; path = ContentView.swift; sourceTree = "<group>"; };
		DC547B1A2948AD9D00AD95C0 /* Assets.xcassets */ = {isa = PBXFileReference; lastKnownFileType = folder.assetcatalog; path = Assets.xcassets; sourceTree = "<group>"; };
		DC547B1D2948AD9D00AD95C0 /* Preview Assets.xcassets */ = {isa = PBXFileReference; lastKnownFileType = folder.assetcatalog; path = "Preview Assets.xcassets"; sourceTree = "<group>"; };
		DC571282296DAB6A006D1370 /* RandomId.swift */ = {isa = PBXFileReference; lastKnownFileType = sourcecode.swift; path = RandomId.swift; sourceTree = "<group>"; };
		DC6785C72989B44300E43AFB /* Today.swift */ = {isa = PBXFileReference; lastKnownFileType = sourcecode.swift; path = Today.swift; sourceTree = "<group>"; };
		DC84F241295C685700379060 /* PassengerVM.swift */ = {isa = PBXFileReference; lastKnownFileType = sourcecode.swift; path = PassengerVM.swift; sourceTree = "<group>"; };
		DC84F243295C687500379060 /* RideVM.swift */ = {isa = PBXFileReference; lastKnownFileType = sourcecode.swift; path = RideVM.swift; sourceTree = "<group>"; };
		DC84F245295C689800379060 /* TicketVM.swift */ = {isa = PBXFileReference; lastKnownFileType = sourcecode.swift; path = TicketVM.swift; sourceTree = "<group>"; };
		DC84F2472965553200379060 /* TabBar.swift */ = {isa = PBXFileReference; lastKnownFileType = sourcecode.swift; path = TabBar.swift; sourceTree = "<group>"; };
		DC8C5E44299AA55400F12B03 /* ServiceProvider.swift */ = {isa = PBXFileReference; lastKnownFileType = sourcecode.swift; path = ServiceProvider.swift; sourceTree = "<group>"; };
		DC8C5E46299AA60500F12B03 /* ServiceProviderVM.swift */ = {isa = PBXFileReference; lastKnownFileType = sourcecode.swift; path = ServiceProviderVM.swift; sourceTree = "<group>"; };
		DC8C5E49299AA76C00F12B03 /* sprideinitv.swift */ = {isa = PBXFileReference; lastKnownFileType = sourcecode.swift; path = sprideinitv.swift; sourceTree = "<group>"; };
		DC8C5E4B299AA79400F12B03 /* ridesheet.swift */ = {isa = PBXFileReference; lastKnownFileType = sourcecode.swift; path = ridesheet.swift; sourceTree = "<group>"; };
		DC8C5E4D299AA7C700F12B03 /* tabbarSP.swift */ = {isa = PBXFileReference; lastKnownFileType = sourcecode.swift; path = tabbarSP.swift; sourceTree = "<group>"; };
		DC8C5E4F299AA7EF00F12B03 /* sprides.swift */ = {isa = PBXFileReference; lastKnownFileType = sourcecode.swift; path = sprides.swift; sourceTree = "<group>"; };
		DC8C5E51299AA80D00F12B03 /* addRide.swift */ = {isa = PBXFileReference; lastKnownFileType = sourcecode.swift; path = addRide.swift; sourceTree = "<group>"; };
		DC8C5E54299AAA1300F12B03 /* SignViewsSP.swift */ = {isa = PBXFileReference; lastKnownFileType = sourcecode.swift; path = SignViewsSP.swift; sourceTree = "<group>"; };
		DC8C5E56299AB5CD00F12B03 /* editSheet.swift */ = {isa = PBXFileReference; lastKnownFileType = sourcecode.swift; path = editSheet.swift; sourceTree = "<group>"; };
		DC8C5E59299C2DD300F12B03 /* splashscreen.swift */ = {isa = PBXFileReference; lastKnownFileType = sourcecode.swift; path = splashscreen.swift; sourceTree = "<group>"; };
		DC8C5E5B299C2E3A00F12B03 /* UserType.swift */ = {isa = PBXFileReference; lastKnownFileType = sourcecode.swift; path = UserType.swift; sourceTree = "<group>"; };
		DC8C5E5D299CD9F100F12B03 /* SearchViewSP.swift */ = {isa = PBXFileReference; lastKnownFileType = sourcecode.swift; path = SearchViewSP.swift; sourceTree = "<group>"; };
/* End PBXFileReference section */

/* Begin PBXFrameworksBuildPhase section */
		DC547B102948AD9C00AD95C0 /* Frameworks */ = {
			isa = PBXFrameworksBuildPhase;
			buildActionMask = 2147483647;
			files = (
				DC539E0B29511B78004A9760 /* FirebaseFirestoreSwift in Frameworks */,
				DC539E0729511B78004A9760 /* FirebaseDatabaseSwift in Frameworks */,
				DC539E0929511B78004A9760 /* FirebaseFirestore in Frameworks */,
				DC539E0529511B78004A9760 /* FirebaseDatabase in Frameworks */,
				DC539E0329511B78004A9760 /* FirebaseAuth in Frameworks */,
			);
			runOnlyForDeploymentPostprocessing = 0;
		};
/* End PBXFrameworksBuildPhase section */

/* Begin PBXGroup section */
		1439AA9C29645C9F00ABBEC8 /* wallet */ = {
			isa = PBXGroup;
			children = (
				1439AA9D29645CB900ABBEC8 /* walletPage.swift */,
				1439AA9F29645CE600ABBEC8 /* walletActivity.swift */,
				1439AAA129645D1100ABBEC8 /* Wallet.swift */,
			);
			path = wallet;
			sourceTree = "<group>";
		};
		47913440295B4AD9001FA738 /* tickets */ = {
			isa = PBXGroup;
			children = (
				47913448295B4BEB001FA738 /* tickettest.swift */,
				4791344A295B4C5C001FA738 /* ticketv.swift */,
				4791344C295B4CD7001FA738 /* linestruct.swift */,
				4791344E295B4E1C001FA738 /* ticketinitv.swift */,
				47913450295B4E48001FA738 /* mytickets.swift */,
			);
			path = tickets;
			sourceTree = "<group>";
		};
		DC539E0C29511B9F004A9760 /* Models */ = {
			isa = PBXGroup;
			children = (
				DC539E152951221D004A9760 /* Passenger.swift */,
				DC539E1729512226004A9760 /* Ride.swift */,
				DC539E1929512230004A9760 /* Ticket.swift */,
				DC8C5E44299AA55400F12B03 /* ServiceProvider.swift */,
			);
			path = Models;
			sourceTree = "<group>";
		};
		DC539E0D29511BAF004A9760 /* ViewModels */ = {
			isa = PBXGroup;
			children = (
				BF12873B2985B2EB00913162 /* RideViewModel.swift */,
				BF12873A2985B2EB00913162 /* TicketViewModel.swift */,
				DC539E1129511E84004A9760 /* authViewModel.swift */,
				DC84F241295C685700379060 /* PassengerVM.swift */,
				DC84F243295C687500379060 /* RideVM.swift */,
				DC84F245295C689800379060 /* TicketVM.swift */,
				DC571282296DAB6A006D1370 /* RandomId.swift */,
				DC8C5E46299AA60500F12B03 /* ServiceProviderVM.swift */,
			);
			path = ViewModels;
			sourceTree = "<group>";
		};
		DC539E1B2951CC77004A9760 /* Views */ = {
			isa = PBXGroup;
			children = (
				DC539E1C2951CCBF004A9760 /* SignViews.swift */,
				BF12872A2985B22D00913162 /* BillSheetView.swift */,
				BF12872D2985B22D00913162 /* BookTicketSheetView.swift */,
				BF12872C2985B22D00913162 /* SearchListCellView.swift */,
				BF1287302985B22D00913162 /* SearchListView.swift */,
				BF12872F2985B22D00913162 /* SearchView.swift */,
				BF1287312985B22D00913162 /* TicketBookedPopupSuccessView.swift */,
				DC84F2472965553200379060 /* TabBar.swift */,
				DC6785C72989B44300E43AFB /* Today.swift */,
			);
			path = Views;
			sourceTree = "<group>";
		};
		DC547B0A2948AD9C00AD95C0 = {
			isa = PBXGroup;
			children = (
				47913452295B4EC5001FA738 /* Roboto-Regular.ttf */,
				47913442295B4B1F001FA738 /* Roboto-Medium.ttf */,
				DC547B152948AD9C00AD95C0 /* Ridechain */,
				DC547B142948AD9C00AD95C0 /* Products */,
			);
			sourceTree = "<group>";
		};
		DC547B142948AD9C00AD95C0 /* Products */ = {
			isa = PBXGroup;
			children = (
				DC547B132948AD9C00AD95C0 /* Ridechain.app */,
			);
			name = Products;
			sourceTree = "<group>";
		};
		DC547B152948AD9C00AD95C0 /* Ridechain */ = {
			isa = PBXGroup;
			children = (
				DC8C5E58299C2DBE00F12B03 /* SplashViews */,
				DC8C5E48299AA72F00F12B03 /* ServiceProvider */,
				BF12872B2985B22D00913162 /* ColorExt.swift */,
				BF12872E2985B22D00913162 /* FontExt.swift */,
				1439AA9C29645C9F00ABBEC8 /* wallet */,
				47913440295B4AD9001FA738 /* tickets */,
				DC539E1B2951CC77004A9760 /* Views */,
				DC539E0D29511BAF004A9760 /* ViewModels */,
				DC539E0C29511B9F004A9760 /* Models */,
				DC547B162948AD9C00AD95C0 /* RidechainApp.swift */,
				DC547B182948AD9C00AD95C0 /* ContentView.swift */,
				DC547B1A2948AD9D00AD95C0 /* Assets.xcassets */,
				DC539E0E29511C34004A9760 /* GoogleService-Info.plist */,
				DC547B1C2948AD9D00AD95C0 /* Preview Content */,
				47AD5F6B295224BA00EC4CDF /* colors.swift */,
			);
			path = Ridechain;
			sourceTree = "<group>";
		};
		DC547B1C2948AD9D00AD95C0 /* Preview Content */ = {
			isa = PBXGroup;
			children = (
				DC547B1D2948AD9D00AD95C0 /* Preview Assets.xcassets */,
			);
			path = "Preview Content";
			sourceTree = "<group>";
		};
		DC8C5E48299AA72F00F12B03 /* ServiceProvider */ = {
			isa = PBXGroup;
			children = (
				DC8C5E53299AA9EA00F12B03 /* signViews */,
				DC8C5E49299AA76C00F12B03 /* sprideinitv.swift */,
				DC8C5E4B299AA79400F12B03 /* ridesheet.swift */,
				DC8C5E4D299AA7C700F12B03 /* tabbarSP.swift */,
				DC8C5E4F299AA7EF00F12B03 /* sprides.swift */,
				DC8C5E51299AA80D00F12B03 /* addRide.swift */,
				DC8C5E56299AB5CD00F12B03 /* editSheet.swift */,
				DC8C5E5D299CD9F100F12B03 /* SearchViewSP.swift */,
			);
			path = ServiceProvider;
			sourceTree = "<group>";
		};
		DC8C5E53299AA9EA00F12B03 /* signViews */ = {
			isa = PBXGroup;
			children = (
				DC8C5E54299AAA1300F12B03 /* SignViewsSP.swift */,
			);
			path = signViews;
			sourceTree = "<group>";
		};
		DC8C5E58299C2DBE00F12B03 /* SplashViews */ = {
			isa = PBXGroup;
			children = (
				DC8C5E59299C2DD300F12B03 /* splashscreen.swift */,
				DC8C5E5B299C2E3A00F12B03 /* UserType.swift */,
			);
			path = SplashViews;
			sourceTree = "<group>";
		};
/* End PBXGroup section */

/* Begin PBXNativeTarget section */
		DC547B122948AD9C00AD95C0 /* Ridechain */ = {
			isa = PBXNativeTarget;
			buildConfigurationList = DC547B212948AD9D00AD95C0 /* Build configuration list for PBXNativeTarget "Ridechain" */;
			buildPhases = (
				DC547B0F2948AD9C00AD95C0 /* Sources */,
				DC547B102948AD9C00AD95C0 /* Frameworks */,
				DC547B112948AD9C00AD95C0 /* Resources */,
			);
			buildRules = (
			);
			dependencies = (
			);
			name = Ridechain;
			packageProductDependencies = (
				DC539E0229511B78004A9760 /* FirebaseAuth */,
				DC539E0429511B78004A9760 /* FirebaseDatabase */,
				DC539E0629511B78004A9760 /* FirebaseDatabaseSwift */,
				DC539E0829511B78004A9760 /* FirebaseFirestore */,
				DC539E0A29511B78004A9760 /* FirebaseFirestoreSwift */,
			);
			productName = Ridechain;
			productReference = DC547B132948AD9C00AD95C0 /* Ridechain.app */;
			productType = "com.apple.product-type.application";
		};
/* End PBXNativeTarget section */

/* Begin PBXProject section */
		DC547B0B2948AD9C00AD95C0 /* Project object */ = {
			isa = PBXProject;
			attributes = {
				BuildIndependentTargetsInParallel = 1;
				LastSwiftUpdateCheck = 1340;
				LastUpgradeCheck = 1340;
				TargetAttributes = {
					DC547B122948AD9C00AD95C0 = {
						CreatedOnToolsVersion = 13.4.1;
					};
				};
			};
			buildConfigurationList = DC547B0E2948AD9C00AD95C0 /* Build configuration list for PBXProject "Ridechain" */;
			compatibilityVersion = "Xcode 13.0";
			developmentRegion = en;
			hasScannedForEncodings = 0;
			knownRegions = (
				en,
				Base,
			);
			mainGroup = DC547B0A2948AD9C00AD95C0;
			packageReferences = (
				DC539E0129511B78004A9760 /* XCRemoteSwiftPackageReference "firebase-ios-sdk" */,
			);
			productRefGroup = DC547B142948AD9C00AD95C0 /* Products */;
			projectDirPath = "";
			projectRoot = "";
			targets = (
				DC547B122948AD9C00AD95C0 /* Ridechain */,
			);
		};
/* End PBXProject section */

/* Begin PBXResourcesBuildPhase section */
		DC547B112948AD9C00AD95C0 /* Resources */ = {
			isa = PBXResourcesBuildPhase;
			buildActionMask = 2147483647;
			files = (
				47913443295B4B1F001FA738 /* Roboto-Medium.ttf in Resources */,
				DC547B1E2948AD9D00AD95C0 /* Preview Assets.xcassets in Resources */,
				47913453295B4EC5001FA738 /* Roboto-Regular.ttf in Resources */,
				DC539E0F29511C35004A9760 /* GoogleService-Info.plist in Resources */,
				DC547B1B2948AD9D00AD95C0 /* Assets.xcassets in Resources */,
			);
			runOnlyForDeploymentPostprocessing = 0;
		};
/* End PBXResourcesBuildPhase section */

/* Begin PBXSourcesBuildPhase section */
		DC547B0F2948AD9C00AD95C0 /* Sources */ = {
			isa = PBXSourcesBuildPhase;
			buildActionMask = 2147483647;
			files = (
				BF1287342985B22D00913162 /* SearchListCellView.swift in Sources */,
				DC84F246295C689800379060 /* TicketVM.swift in Sources */,
				DC8C5E50299AA7EF00F12B03 /* sprides.swift in Sources */,
				DC84F244295C687600379060 /* RideVM.swift in Sources */,
				DC539E1229511E84004A9760 /* authViewModel.swift in Sources */,
				47913451295B4E48001FA738 /* mytickets.swift in Sources */,
				1439AA9E29645CB900ABBEC8 /* walletPage.swift in Sources */,
				BF1287392985B22D00913162 /* TicketBookedPopupSuccessView.swift in Sources */,
				DC6785C82989B44300E43AFB /* Today.swift in Sources */,
				47AD5F6C295224BA00EC4CDF /* colors.swift in Sources */,
				DC8C5E45299AA55400F12B03 /* ServiceProvider.swift in Sources */,
				1439AAA229645D1100ABBEC8 /* Wallet.swift in Sources */,
				DC8C5E5C299C2E3A00F12B03 /* UserType.swift in Sources */,
				DC8C5E4A299AA76C00F12B03 /* sprideinitv.swift in Sources */,
				4791344F295B4E1C001FA738 /* ticketinitv.swift in Sources */,
				DC8C5E52299AA80D00F12B03 /* addRide.swift in Sources */,
				DC539E162951221D004A9760 /* Passenger.swift in Sources */,
				BF1287352985B22D00913162 /* BookTicketSheetView.swift in Sources */,
				DC8C5E4E299AA7C700F12B03 /* tabbarSP.swift in Sources */,
				DC84F242295C685700379060 /* PassengerVM.swift in Sources */,
				BF12873D2985B2EB00913162 /* RideViewModel.swift in Sources */,
				BF1287382985B22D00913162 /* SearchListView.swift in Sources */,
				1439AAA029645CE600ABBEC8 /* walletActivity.swift in Sources */,
				DC8C5E4C299AA79400F12B03 /* ridesheet.swift in Sources */,
				47913449295B4BEB001FA738 /* tickettest.swift in Sources */,
				DC8C5E5E299CD9F100F12B03 /* SearchViewSP.swift in Sources */,
				BF12873C2985B2EB00913162 /* TicketViewModel.swift in Sources */,
				DC547B192948AD9C00AD95C0 /* ContentView.swift in Sources */,
				BF1287322985B22D00913162 /* BillSheetView.swift in Sources */,
				DC571283296DAB6A006D1370 /* RandomId.swift in Sources */,
				DC547B172948AD9C00AD95C0 /* RidechainApp.swift in Sources */,
				BF1287362985B22D00913162 /* FontExt.swift in Sources */,
				BF1287372985B22D00913162 /* SearchView.swift in Sources */,
				DC539E1A29512230004A9760 /* Ticket.swift in Sources */,
				DC8C5E5A299C2DD300F12B03 /* splashscreen.swift in Sources */,
				BF1287332985B22D00913162 /* ColorExt.swift in Sources */,
				4791344B295B4C5C001FA738 /* ticketv.swift in Sources */,
				4791344D295B4CD7001FA738 /* linestruct.swift in Sources */,
				DC539E1D2951CCBF004A9760 /* SignViews.swift in Sources */,
				DC8C5E47299AA60500F12B03 /* ServiceProviderVM.swift in Sources */,
				DC539E1829512226004A9760 /* Ride.swift in Sources */,
				DC8C5E57299AB5CD00F12B03 /* editSheet.swift in Sources */,
				DC8C5E55299AAA1300F12B03 /* SignViewsSP.swift in Sources */,
				DC84F2482965553200379060 /* TabBar.swift in Sources */,
			);
			runOnlyForDeploymentPostprocessing = 0;
		};
/* End PBXSourcesBuildPhase section */

/* Begin XCBuildConfiguration section */
		DC547B1F2948AD9D00AD95C0 /* Debug */ = {
			isa = XCBuildConfiguration;
			buildSettings = {
				ALWAYS_SEARCH_USER_PATHS = NO;
				CLANG_ANALYZER_NONNULL = YES;
				CLANG_ANALYZER_NUMBER_OBJECT_CONVERSION = YES_AGGRESSIVE;
				CLANG_CXX_LANGUAGE_STANDARD = "gnu++17";
				CLANG_ENABLE_MODULES = YES;
				CLANG_ENABLE_OBJC_ARC = YES;
				CLANG_ENABLE_OBJC_WEAK = YES;
				CLANG_WARN_BLOCK_CAPTURE_AUTORELEASING = YES;
				CLANG_WARN_BOOL_CONVERSION = YES;
				CLANG_WARN_COMMA = YES;
				CLANG_WARN_CONSTANT_CONVERSION = YES;
				CLANG_WARN_DEPRECATED_OBJC_IMPLEMENTATIONS = YES;
				CLANG_WARN_DIRECT_OBJC_ISA_USAGE = YES_ERROR;
				CLANG_WARN_DOCUMENTATION_COMMENTS = YES;
				CLANG_WARN_EMPTY_BODY = YES;
				CLANG_WARN_ENUM_CONVERSION = YES;
				CLANG_WARN_INFINITE_RECURSION = YES;
				CLANG_WARN_INT_CONVERSION = YES;
				CLANG_WARN_NON_LITERAL_NULL_CONVERSION = YES;
				CLANG_WARN_OBJC_IMPLICIT_RETAIN_SELF = YES;
				CLANG_WARN_OBJC_LITERAL_CONVERSION = YES;
				CLANG_WARN_OBJC_ROOT_CLASS = YES_ERROR;
				CLANG_WARN_QUOTED_INCLUDE_IN_FRAMEWORK_HEADER = YES;
				CLANG_WARN_RANGE_LOOP_ANALYSIS = YES;
				CLANG_WARN_STRICT_PROTOTYPES = YES;
				CLANG_WARN_SUSPICIOUS_MOVE = YES;
				CLANG_WARN_UNGUARDED_AVAILABILITY = YES_AGGRESSIVE;
				CLANG_WARN_UNREACHABLE_CODE = YES;
				CLANG_WARN__DUPLICATE_METHOD_MATCH = YES;
				COPY_PHASE_STRIP = NO;
				DEBUG_INFORMATION_FORMAT = dwarf;
				ENABLE_STRICT_OBJC_MSGSEND = YES;
				ENABLE_TESTABILITY = YES;
				GCC_C_LANGUAGE_STANDARD = gnu11;
				GCC_DYNAMIC_NO_PIC = NO;
				GCC_NO_COMMON_BLOCKS = YES;
				GCC_OPTIMIZATION_LEVEL = 0;
				GCC_PREPROCESSOR_DEFINITIONS = (
					"DEBUG=1",
					"$(inherited)",
				);
				GCC_WARN_64_TO_32_BIT_CONVERSION = YES;
				GCC_WARN_ABOUT_RETURN_TYPE = YES_ERROR;
				GCC_WARN_UNDECLARED_SELECTOR = YES;
				GCC_WARN_UNINITIALIZED_AUTOS = YES_AGGRESSIVE;
				GCC_WARN_UNUSED_FUNCTION = YES;
				GCC_WARN_UNUSED_VARIABLE = YES;
				IPHONEOS_DEPLOYMENT_TARGET = 15.5;
				MTL_ENABLE_DEBUG_INFO = INCLUDE_SOURCE;
				MTL_FAST_MATH = YES;
				ONLY_ACTIVE_ARCH = YES;
				SDKROOT = iphoneos;
				SWIFT_ACTIVE_COMPILATION_CONDITIONS = DEBUG;
				SWIFT_OPTIMIZATION_LEVEL = "-Onone";
			};
			name = Debug;
		};
		DC547B202948AD9D00AD95C0 /* Release */ = {
			isa = XCBuildConfiguration;
			buildSettings = {
				ALWAYS_SEARCH_USER_PATHS = NO;
				CLANG_ANALYZER_NONNULL = YES;
				CLANG_ANALYZER_NUMBER_OBJECT_CONVERSION = YES_AGGRESSIVE;
				CLANG_CXX_LANGUAGE_STANDARD = "gnu++17";
				CLANG_ENABLE_MODULES = YES;
				CLANG_ENABLE_OBJC_ARC = YES;
				CLANG_ENABLE_OBJC_WEAK = YES;
				CLANG_WARN_BLOCK_CAPTURE_AUTORELEASING = YES;
				CLANG_WARN_BOOL_CONVERSION = YES;
				CLANG_WARN_COMMA = YES;
				CLANG_WARN_CONSTANT_CONVERSION = YES;
				CLANG_WARN_DEPRECATED_OBJC_IMPLEMENTATIONS = YES;
				CLANG_WARN_DIRECT_OBJC_ISA_USAGE = YES_ERROR;
				CLANG_WARN_DOCUMENTATION_COMMENTS = YES;
				CLANG_WARN_EMPTY_BODY = YES;
				CLANG_WARN_ENUM_CONVERSION = YES;
				CLANG_WARN_INFINITE_RECURSION = YES;
				CLANG_WARN_INT_CONVERSION = YES;
				CLANG_WARN_NON_LITERAL_NULL_CONVERSION = YES;
				CLANG_WARN_OBJC_IMPLICIT_RETAIN_SELF = YES;
				CLANG_WARN_OBJC_LITERAL_CONVERSION = YES;
				CLANG_WARN_OBJC_ROOT_CLASS = YES_ERROR;
				CLANG_WARN_QUOTED_INCLUDE_IN_FRAMEWORK_HEADER = YES;
				CLANG_WARN_RANGE_LOOP_ANALYSIS = YES;
				CLANG_WARN_STRICT_PROTOTYPES = YES;
				CLANG_WARN_SUSPICIOUS_MOVE = YES;
				CLANG_WARN_UNGUARDED_AVAILABILITY = YES_AGGRESSIVE;
				CLANG_WARN_UNREACHABLE_CODE = YES;
				CLANG_WARN__DUPLICATE_METHOD_MATCH = YES;
				COPY_PHASE_STRIP = NO;
				DEBUG_INFORMATION_FORMAT = "dwarf-with-dsym";
				ENABLE_NS_ASSERTIONS = NO;
				ENABLE_STRICT_OBJC_MSGSEND = YES;
				GCC_C_LANGUAGE_STANDARD = gnu11;
				GCC_NO_COMMON_BLOCKS = YES;
				GCC_WARN_64_TO_32_BIT_CONVERSION = YES;
				GCC_WARN_ABOUT_RETURN_TYPE = YES_ERROR;
				GCC_WARN_UNDECLARED_SELECTOR = YES;
				GCC_WARN_UNINITIALIZED_AUTOS = YES_AGGRESSIVE;
				GCC_WARN_UNUSED_FUNCTION = YES;
				GCC_WARN_UNUSED_VARIABLE = YES;
				IPHONEOS_DEPLOYMENT_TARGET = 15.5;
				MTL_ENABLE_DEBUG_INFO = NO;
				MTL_FAST_MATH = YES;
				SDKROOT = iphoneos;
				SWIFT_COMPILATION_MODE = wholemodule;
				SWIFT_OPTIMIZATION_LEVEL = "-O";
				VALIDATE_PRODUCT = YES;
			};
			name = Release;
		};
		DC547B222948AD9D00AD95C0 /* Debug */ = {
			isa = XCBuildConfiguration;
			buildSettings = {
				ASSETCATALOG_COMPILER_APPICON_NAME = AppIcon;
				ASSETCATALOG_COMPILER_GLOBAL_ACCENT_COLOR_NAME = AccentColor;
				CODE_SIGN_STYLE = Automatic;
				CURRENT_PROJECT_VERSION = 1;
				DEVELOPMENT_ASSET_PATHS = "\"Ridechain/Preview Content\"";
				ENABLE_PREVIEWS = YES;
				GENERATE_INFOPLIST_FILE = YES;
				INFOPLIST_KEY_UIApplicationSceneManifest_Generation = YES;
				INFOPLIST_KEY_UIApplicationSupportsIndirectInputEvents = YES;
				INFOPLIST_KEY_UILaunchScreen_Generation = YES;
				INFOPLIST_KEY_UISupportedInterfaceOrientations_iPad = "UIInterfaceOrientationPortrait UIInterfaceOrientationPortraitUpsideDown UIInterfaceOrientationLandscapeLeft UIInterfaceOrientationLandscapeRight";
				INFOPLIST_KEY_UISupportedInterfaceOrientations_iPhone = "UIInterfaceOrientationPortrait UIInterfaceOrientationLandscapeLeft UIInterfaceOrientationLandscapeRight";
				IPHONEOS_DEPLOYMENT_TARGET = 16.1;
				LD_RUNPATH_SEARCH_PATHS = (
					"$(inherited)",
					"@executable_path/Frameworks",
				);
				MARKETING_VERSION = 1.0;
				PRODUCT_BUNDLE_IDENTIFIER = com.Sara.Ridechain;
				PRODUCT_NAME = "$(TARGET_NAME)";
				SWIFT_EMIT_LOC_STRINGS = YES;
				SWIFT_VERSION = 5.0;
				TARGETED_DEVICE_FAMILY = "1,2";
			};
			name = Debug;
		};
		DC547B232948AD9D00AD95C0 /* Release */ = {
			isa = XCBuildConfiguration;
			buildSettings = {
				ASSETCATALOG_COMPILER_APPICON_NAME = AppIcon;
				ASSETCATALOG_COMPILER_GLOBAL_ACCENT_COLOR_NAME = AccentColor;
				CODE_SIGN_STYLE = Automatic;
				CURRENT_PROJECT_VERSION = 1;
				DEVELOPMENT_ASSET_PATHS = "\"Ridechain/Preview Content\"";
				ENABLE_PREVIEWS = YES;
				GENERATE_INFOPLIST_FILE = YES;
				INFOPLIST_KEY_UIApplicationSceneManifest_Generation = YES;
				INFOPLIST_KEY_UIApplicationSupportsIndirectInputEvents = YES;
				INFOPLIST_KEY_UILaunchScreen_Generation = YES;
				INFOPLIST_KEY_UISupportedInterfaceOrientations_iPad = "UIInterfaceOrientationPortrait UIInterfaceOrientationPortraitUpsideDown UIInterfaceOrientationLandscapeLeft UIInterfaceOrientationLandscapeRight";
				INFOPLIST_KEY_UISupportedInterfaceOrientations_iPhone = "UIInterfaceOrientationPortrait UIInterfaceOrientationLandscapeLeft UIInterfaceOrientationLandscapeRight";
				IPHONEOS_DEPLOYMENT_TARGET = 16.1;
				LD_RUNPATH_SEARCH_PATHS = (
					"$(inherited)",
					"@executable_path/Frameworks",
				);
				MARKETING_VERSION = 1.0;
				PRODUCT_BUNDLE_IDENTIFIER = com.Sara.Ridechain;
				PRODUCT_NAME = "$(TARGET_NAME)";
				SWIFT_EMIT_LOC_STRINGS = YES;
				SWIFT_VERSION = 5.0;
				TARGETED_DEVICE_FAMILY = "1,2";
			};
			name = Release;
		};
/* End XCBuildConfiguration section */

/* Begin XCConfigurationList section */
		DC547B0E2948AD9C00AD95C0 /* Build configuration list for PBXProject "Ridechain" */ = {
			isa = XCConfigurationList;
			buildConfigurations = (
				DC547B1F2948AD9D00AD95C0 /* Debug */,
				DC547B202948AD9D00AD95C0 /* Release */,
			);
			defaultConfigurationIsVisible = 0;
			defaultConfigurationName = Release;
		};
		DC547B212948AD9D00AD95C0 /* Build configuration list for PBXNativeTarget "Ridechain" */ = {
			isa = XCConfigurationList;
			buildConfigurations = (
				DC547B222948AD9D00AD95C0 /* Debug */,
				DC547B232948AD9D00AD95C0 /* Release */,
			);
			defaultConfigurationIsVisible = 0;
			defaultConfigurationName = Release;
		};
/* End XCConfigurationList section */

/* Begin XCRemoteSwiftPackageReference section */
		DC539E0129511B78004A9760 /* XCRemoteSwiftPackageReference "firebase-ios-sdk" */ = {
			isa = XCRemoteSwiftPackageReference;
			repositoryURL = "https://github.com/firebase/firebase-ios-sdk";
			requirement = {
				branch = master;
				kind = branch;
			};
		};
/* End XCRemoteSwiftPackageReference section */

/* Begin XCSwiftPackageProductDependency section */
		DC539E0229511B78004A9760 /* FirebaseAuth */ = {
			isa = XCSwiftPackageProductDependency;
			package = DC539E0129511B78004A9760 /* XCRemoteSwiftPackageReference "firebase-ios-sdk" */;
			productName = FirebaseAuth;
		};
		DC539E0429511B78004A9760 /* FirebaseDatabase */ = {
			isa = XCSwiftPackageProductDependency;
			package = DC539E0129511B78004A9760 /* XCRemoteSwiftPackageReference "firebase-ios-sdk" */;
			productName = FirebaseDatabase;
		};
		DC539E0629511B78004A9760 /* FirebaseDatabaseSwift */ = {
			isa = XCSwiftPackageProductDependency;
			package = DC539E0129511B78004A9760 /* XCRemoteSwiftPackageReference "firebase-ios-sdk" */;
			productName = FirebaseDatabaseSwift;
		};
		DC539E0829511B78004A9760 /* FirebaseFirestore */ = {
			isa = XCSwiftPackageProductDependency;
			package = DC539E0129511B78004A9760 /* XCRemoteSwiftPackageReference "firebase-ios-sdk" */;
			productName = FirebaseFirestore;
		};
		DC539E0A29511B78004A9760 /* FirebaseFirestoreSwift */ = {
			isa = XCSwiftPackageProductDependency;
			package = DC539E0129511B78004A9760 /* XCRemoteSwiftPackageReference "firebase-ios-sdk" */;
			productName = FirebaseFirestoreSwift;
		};
/* End XCSwiftPackageProductDependency section */
	};
	rootObject = DC547B0B2948AD9C00AD95C0 /* Project object */;
}
